// !$*UTF8*$!
{
	archiveVersion = 1;
	classes = {
	};
	objectVersion = 55;
	objects = {

/* Begin PBXBuildFile section */
		B75AD249283C9914002F0608 /* AppDelegate.swift in Sources */ = {isa = PBXBuildFile; fileRef = B75AD248283C9914002F0608 /* AppDelegate.swift */; };
		B75AD24B283C9914002F0608 /* SceneDelegate.swift in Sources */ = {isa = PBXBuildFile; fileRef = B75AD24A283C9914002F0608 /* SceneDelegate.swift */; };
		B75AD250283C9914002F0608 /* Main.storyboard in Resources */ = {isa = PBXBuildFile; fileRef = B75AD24E283C9914002F0608 /* Main.storyboard */; };
		B75AD252283C9914002F0608 /* Assets.xcassets in Resources */ = {isa = PBXBuildFile; fileRef = B75AD251283C9914002F0608 /* Assets.xcassets */; };
		B75AD255283C9914002F0608 /* LaunchScreen.storyboard in Resources */ = {isa = PBXBuildFile; fileRef = B75AD253283C9914002F0608 /* LaunchScreen.storyboard */; };
		B75AD260283C9914002F0608 /* NaverSeriesonMainCloneTests.swift in Sources */ = {isa = PBXBuildFile; fileRef = B75AD25F283C9914002F0608 /* NaverSeriesonMainCloneTests.swift */; };
		B75AD26A283C9914002F0608 /* NaverSeriesonMainCloneUITests.swift in Sources */ = {isa = PBXBuildFile; fileRef = B75AD269283C9914002F0608 /* NaverSeriesonMainCloneUITests.swift */; };
		B75AD26C283C9914002F0608 /* NaverSeriesonMainCloneUITestsLaunchTests.swift in Sources */ = {isa = PBXBuildFile; fileRef = B75AD26B283C9914002F0608 /* NaverSeriesonMainCloneUITestsLaunchTests.swift */; };
		B75AD279283CA9CB002F0608 /* MovieViewController.swift in Sources */ = {isa = PBXBuildFile; fileRef = B75AD278283CA9CB002F0608 /* MovieViewController.swift */; };
		B75AD27B283CAA28002F0608 /* VodViewController.swift in Sources */ = {isa = PBXBuildFile; fileRef = B75AD27A283CAA28002F0608 /* VodViewController.swift */; };
		B75AD27D283CAA3B002F0608 /* SearchViewController.swift in Sources */ = {isa = PBXBuildFile; fileRef = B75AD27C283CAA3B002F0608 /* SearchViewController.swift */; };
		B75AD27F283CAA47002F0608 /* MyPageViewController.swift in Sources */ = {isa = PBXBuildFile; fileRef = B75AD27E283CAA47002F0608 /* MyPageViewController.swift */; };
		B75AD281283CAC41002F0608 /* TabBarViewController.swift in Sources */ = {isa = PBXBuildFile; fileRef = B75AD280283CAC41002F0608 /* TabBarViewController.swift */; };
/* End PBXBuildFile section */

/* Begin PBXContainerItemProxy section */
		B75AD25C283C9914002F0608 /* PBXContainerItemProxy */ = {
			isa = PBXContainerItemProxy;
			containerPortal = B75AD23D283C9914002F0608 /* Project object */;
			proxyType = 1;
			remoteGlobalIDString = B75AD244283C9914002F0608;
			remoteInfo = NaverSeriesonMainClone;
		};
		B75AD266283C9914002F0608 /* PBXContainerItemProxy */ = {
			isa = PBXContainerItemProxy;
			containerPortal = B75AD23D283C9914002F0608 /* Project object */;
			proxyType = 1;
			remoteGlobalIDString = B75AD244283C9914002F0608;
			remoteInfo = NaverSeriesonMainClone;
		};
/* End PBXContainerItemProxy section */

/* Begin PBXFileReference section */
		B75AD245283C9914002F0608 /* NaverSeriesonMainClone.app */ = {isa = PBXFileReference; explicitFileType = wrapper.application; includeInIndex = 0; path = NaverSeriesonMainClone.app; sourceTree = BUILT_PRODUCTS_DIR; };
		B75AD248283C9914002F0608 /* AppDelegate.swift */ = {isa = PBXFileReference; lastKnownFileType = sourcecode.swift; path = AppDelegate.swift; sourceTree = "<group>"; };
		B75AD24A283C9914002F0608 /* SceneDelegate.swift */ = {isa = PBXFileReference; lastKnownFileType = sourcecode.swift; path = SceneDelegate.swift; sourceTree = "<group>"; };
		B75AD24F283C9914002F0608 /* Base */ = {isa = PBXFileReference; lastKnownFileType = file.storyboard; name = Base; path = Base.lproj/Main.storyboard; sourceTree = "<group>"; };
		B75AD251283C9914002F0608 /* Assets.xcassets */ = {isa = PBXFileReference; lastKnownFileType = folder.assetcatalog; path = Assets.xcassets; sourceTree = "<group>"; };
		B75AD254283C9914002F0608 /* Base */ = {isa = PBXFileReference; lastKnownFileType = file.storyboard; name = Base; path = Base.lproj/LaunchScreen.storyboard; sourceTree = "<group>"; };
		B75AD256283C9914002F0608 /* Info.plist */ = {isa = PBXFileReference; lastKnownFileType = text.plist.xml; path = Info.plist; sourceTree = "<group>"; };
		B75AD25B283C9914002F0608 /* NaverSeriesonMainCloneTests.xctest */ = {isa = PBXFileReference; explicitFileType = wrapper.cfbundle; includeInIndex = 0; path = NaverSeriesonMainCloneTests.xctest; sourceTree = BUILT_PRODUCTS_DIR; };
		B75AD25F283C9914002F0608 /* NaverSeriesonMainCloneTests.swift */ = {isa = PBXFileReference; lastKnownFileType = sourcecode.swift; path = NaverSeriesonMainCloneTests.swift; sourceTree = "<group>"; };
		B75AD265283C9914002F0608 /* NaverSeriesonMainCloneUITests.xctest */ = {isa = PBXFileReference; explicitFileType = wrapper.cfbundle; includeInIndex = 0; path = NaverSeriesonMainCloneUITests.xctest; sourceTree = BUILT_PRODUCTS_DIR; };
		B75AD269283C9914002F0608 /* NaverSeriesonMainCloneUITests.swift */ = {isa = PBXFileReference; lastKnownFileType = sourcecode.swift; path = NaverSeriesonMainCloneUITests.swift; sourceTree = "<group>"; };
		B75AD26B283C9914002F0608 /* NaverSeriesonMainCloneUITestsLaunchTests.swift */ = {isa = PBXFileReference; lastKnownFileType = sourcecode.swift; path = NaverSeriesonMainCloneUITestsLaunchTests.swift; sourceTree = "<group>"; };
		B75AD278283CA9CB002F0608 /* MovieViewController.swift */ = {isa = PBXFileReference; lastKnownFileType = sourcecode.swift; path = MovieViewController.swift; sourceTree = "<group>"; };
		B75AD27A283CAA28002F0608 /* VodViewController.swift */ = {isa = PBXFileReference; lastKnownFileType = sourcecode.swift; path = VodViewController.swift; sourceTree = "<group>"; };
		B75AD27C283CAA3B002F0608 /* SearchViewController.swift */ = {isa = PBXFileReference; lastKnownFileType = sourcecode.swift; path = SearchViewController.swift; sourceTree = "<group>"; };
		B75AD27E283CAA47002F0608 /* MyPageViewController.swift */ = {isa = PBXFileReference; lastKnownFileType = sourcecode.swift; path = MyPageViewController.swift; sourceTree = "<group>"; };
		B75AD280283CAC41002F0608 /* TabBarViewController.swift */ = {isa = PBXFileReference; lastKnownFileType = sourcecode.swift; path = TabBarViewController.swift; sourceTree = "<group>"; };
/* End PBXFileReference section */

/* Begin PBXFrameworksBuildPhase section */
		B75AD242283C9914002F0608 /* Frameworks */ = {
			isa = PBXFrameworksBuildPhase;
			buildActionMask = 2147483647;
			files = (
			);
			runOnlyForDeploymentPostprocessing = 0;
		};
		B75AD258283C9914002F0608 /* Frameworks */ = {
			isa = PBXFrameworksBuildPhase;
			buildActionMask = 2147483647;
			files = (
			);
			runOnlyForDeploymentPostprocessing = 0;
		};
		B75AD262283C9914002F0608 /* Frameworks */ = {
			isa = PBXFrameworksBuildPhase;
			buildActionMask = 2147483647;
			files = (
			);
			runOnlyForDeploymentPostprocessing = 0;
		};
/* End PBXFrameworksBuildPhase section */

/* Begin PBXGroup section */
		B75AD23C283C9914002F0608 = {
			isa = PBXGroup;
			children = (
				B75AD247283C9914002F0608 /* NaverSeriesonMainClone */,
				B75AD25E283C9914002F0608 /* NaverSeriesonMainCloneTests */,
				B75AD268283C9914002F0608 /* NaverSeriesonMainCloneUITests */,
				B75AD246283C9914002F0608 /* Products */,
			);
			sourceTree = "<group>";
		};
		B75AD246283C9914002F0608 /* Products */ = {
			isa = PBXGroup;
			children = (
				B75AD245283C9914002F0608 /* NaverSeriesonMainClone.app */,
				B75AD25B283C9914002F0608 /* NaverSeriesonMainCloneTests.xctest */,
				B75AD265283C9914002F0608 /* NaverSeriesonMainCloneUITests.xctest */,
			);
			name = Products;
			sourceTree = "<group>";
		};
		B75AD247283C9914002F0608 /* NaverSeriesonMainClone */ = {
			isa = PBXGroup;
			children = (
				B7F1EBED283D0F9A0040FE21 /* ViewControllers */,
				B75AD248283C9914002F0608 /* AppDelegate.swift */,
				B75AD24A283C9914002F0608 /* SceneDelegate.swift */,
				B75AD24E283C9914002F0608 /* Main.storyboard */,
				B75AD251283C9914002F0608 /* Assets.xcassets */,
				B75AD253283C9914002F0608 /* LaunchScreen.storyboard */,
				B75AD256283C9914002F0608 /* Info.plist */,
			);
			path = NaverSeriesonMainClone;
			sourceTree = "<group>";
		};
		B75AD25E283C9914002F0608 /* NaverSeriesonMainCloneTests */ = {
			isa = PBXGroup;
			children = (
				B75AD25F283C9914002F0608 /* NaverSeriesonMainCloneTests.swift */,
			);
			path = NaverSeriesonMainCloneTests;
			sourceTree = "<group>";
		};
		B75AD268283C9914002F0608 /* NaverSeriesonMainCloneUITests */ = {
			isa = PBXGroup;
			children = (
				B75AD269283C9914002F0608 /* NaverSeriesonMainCloneUITests.swift */,
				B75AD26B283C9914002F0608 /* NaverSeriesonMainCloneUITestsLaunchTests.swift */,
			);
			path = NaverSeriesonMainCloneUITests;
			sourceTree = "<group>";
		};
		B7F1EBED283D0F9A0040FE21 /* ViewControllers */ = {
			isa = PBXGroup;
			children = (
				B75AD278283CA9CB002F0608 /* MovieViewController.swift */,
				B75AD27A283CAA28002F0608 /* VodViewController.swift */,
				B75AD27C283CAA3B002F0608 /* SearchViewController.swift */,
				B75AD27E283CAA47002F0608 /* MyPageViewController.swift */,
				B75AD280283CAC41002F0608 /* TabBarViewController.swift */,
			);
			path = ViewControllers;
			sourceTree = "<group>";
		};
/* End PBXGroup section */

/* Begin PBXNativeTarget section */
		B75AD244283C9914002F0608 /* NaverSeriesonMainClone */ = {
			isa = PBXNativeTarget;
			buildConfigurationList = B75AD26F283C9914002F0608 /* Build configuration list for PBXNativeTarget "NaverSeriesonMainClone" */;
			buildPhases = (
				B75AD241283C9914002F0608 /* Sources */,
				B75AD242283C9914002F0608 /* Frameworks */,
				B75AD243283C9914002F0608 /* Resources */,
			);
			buildRules = (
			);
			dependencies = (
			);
			name = NaverSeriesonMainClone;
			productName = NaverSeriesonMainClone;
			productReference = B75AD245283C9914002F0608 /* NaverSeriesonMainClone.app */;
			productType = "com.apple.product-type.application";
		};
		B75AD25A283C9914002F0608 /* NaverSeriesonMainCloneTests */ = {
			isa = PBXNativeTarget;
			buildConfigurationList = B75AD272283C9914002F0608 /* Build configuration list for PBXNativeTarget "NaverSeriesonMainCloneTests" */;
			buildPhases = (
				B75AD257283C9914002F0608 /* Sources */,
				B75AD258283C9914002F0608 /* Frameworks */,
				B75AD259283C9914002F0608 /* Resources */,
			);
			buildRules = (
			);
			dependencies = (
				B75AD25D283C9914002F0608 /* PBXTargetDependency */,
			);
			name = NaverSeriesonMainCloneTests;
			productName = NaverSeriesonMainCloneTests;
			productReference = B75AD25B283C9914002F0608 /* NaverSeriesonMainCloneTests.xctest */;
			productType = "com.apple.product-type.bundle.unit-test";
		};
		B75AD264283C9914002F0608 /* NaverSeriesonMainCloneUITests */ = {
			isa = PBXNativeTarget;
			buildConfigurationList = B75AD275283C9914002F0608 /* Build configuration list for PBXNativeTarget "NaverSeriesonMainCloneUITests" */;
			buildPhases = (
				B75AD261283C9914002F0608 /* Sources */,
				B75AD262283C9914002F0608 /* Frameworks */,
				B75AD263283C9914002F0608 /* Resources */,
			);
			buildRules = (
			);
			dependencies = (
				B75AD267283C9914002F0608 /* PBXTargetDependency */,
			);
			name = NaverSeriesonMainCloneUITests;
			productName = NaverSeriesonMainCloneUITests;
			productReference = B75AD265283C9914002F0608 /* NaverSeriesonMainCloneUITests.xctest */;
			productType = "com.apple.product-type.bundle.ui-testing";
		};
/* End PBXNativeTarget section */

/* Begin PBXProject section */
		B75AD23D283C9914002F0608 /* Project object */ = {
			isa = PBXProject;
			attributes = {
				BuildIndependentTargetsInParallel = 1;
				LastSwiftUpdateCheck = 1320;
				LastUpgradeCheck = 1320;
				TargetAttributes = {
					B75AD244283C9914002F0608 = {
						CreatedOnToolsVersion = 13.2.1;
					};
					B75AD25A283C9914002F0608 = {
						CreatedOnToolsVersion = 13.2.1;
						TestTargetID = B75AD244283C9914002F0608;
					};
					B75AD264283C9914002F0608 = {
						CreatedOnToolsVersion = 13.2.1;
						TestTargetID = B75AD244283C9914002F0608;
					};
				};
			};
			buildConfigurationList = B75AD240283C9914002F0608 /* Build configuration list for PBXProject "NaverSeriesonMainClone" */;
			compatibilityVersion = "Xcode 13.0";
			developmentRegion = en;
			hasScannedForEncodings = 0;
			knownRegions = (
				en,
				Base,
			);
			mainGroup = B75AD23C283C9914002F0608;
			productRefGroup = B75AD246283C9914002F0608 /* Products */;
			projectDirPath = "";
			projectRoot = "";
			targets = (
				B75AD244283C9914002F0608 /* NaverSeriesonMainClone */,
				B75AD25A283C9914002F0608 /* NaverSeriesonMainCloneTests */,
				B75AD264283C9914002F0608 /* NaverSeriesonMainCloneUITests */,
			);
		};
/* End PBXProject section */

/* Begin PBXResourcesBuildPhase section */
		B75AD243283C9914002F0608 /* Resources */ = {
			isa = PBXResourcesBuildPhase;
			buildActionMask = 2147483647;
			files = (
				B75AD255283C9914002F0608 /* LaunchScreen.storyboard in Resources */,
				B75AD252283C9914002F0608 /* Assets.xcassets in Resources */,
				B75AD250283C9914002F0608 /* Main.storyboard in Resources */,
			);
			runOnlyForDeploymentPostprocessing = 0;
		};
		B75AD259283C9914002F0608 /* Resources */ = {
			isa = PBXResourcesBuildPhase;
			buildActionMask = 2147483647;
			files = (
			);
			runOnlyForDeploymentPostprocessing = 0;
		};
		B75AD263283C9914002F0608 /* Resources */ = {
			isa = PBXResourcesBuildPhase;
			buildActionMask = 2147483647;
			files = (
			);
			runOnlyForDeploymentPostprocessing = 0;
		};
/* End PBXResourcesBuildPhase section */

/* Begin PBXSourcesBuildPhase section */
		B75AD241283C9914002F0608 /* Sources */ = {
			isa = PBXSourcesBuildPhase;
			buildActionMask = 2147483647;
			files = (
				B75AD27D283CAA3B002F0608 /* SearchViewController.swift in Sources */,
				B75AD27F283CAA47002F0608 /* MyPageViewController.swift in Sources */,
				B75AD27B283CAA28002F0608 /* VodViewController.swift in Sources */,
				B75AD249283C9914002F0608 /* AppDelegate.swift in Sources */,
				B75AD281283CAC41002F0608 /* TabBarViewController.swift in Sources */,
				B75AD24B283C9914002F0608 /* SceneDelegate.swift in Sources */,
				B75AD279283CA9CB002F0608 /* MovieViewController.swift in Sources */,
			);
			runOnlyForDeploymentPostprocessing = 0;
		};
		B75AD257283C9914002F0608 /* Sources */ = {
			isa = PBXSourcesBuildPhase;
			buildActionMask = 2147483647;
			files = (
				B75AD260283C9914002F0608 /* NaverSeriesonMainCloneTests.swift in Sources */,
			);
			runOnlyForDeploymentPostprocessing = 0;
		};
		B75AD261283C9914002F0608 /* Sources */ = {
			isa = PBXSourcesBuildPhase;
			buildActionMask = 2147483647;
			files = (
				B75AD26C283C9914002F0608 /* NaverSeriesonMainCloneUITestsLaunchTests.swift in Sources */,
				B75AD26A283C9914002F0608 /* NaverSeriesonMainCloneUITests.swift in Sources */,
			);
			runOnlyForDeploymentPostprocessing = 0;
		};
/* End PBXSourcesBuildPhase section */

/* Begin PBXTargetDependency section */
		B75AD25D283C9914002F0608 /* PBXTargetDependency */ = {
			isa = PBXTargetDependency;
			target = B75AD244283C9914002F0608 /* NaverSeriesonMainClone */;
			targetProxy = B75AD25C283C9914002F0608 /* PBXContainerItemProxy */;
		};
		B75AD267283C9914002F0608 /* PBXTargetDependency */ = {
			isa = PBXTargetDependency;
			target = B75AD244283C9914002F0608 /* NaverSeriesonMainClone */;
			targetProxy = B75AD266283C9914002F0608 /* PBXContainerItemProxy */;
		};
/* End PBXTargetDependency section */

/* Begin PBXVariantGroup section */
		B75AD24E283C9914002F0608 /* Main.storyboard */ = {
			isa = PBXVariantGroup;
			children = (
				B75AD24F283C9914002F0608 /* Base */,
			);
			name = Main.storyboard;
			sourceTree = "<group>";
		};
		B75AD253283C9914002F0608 /* LaunchScreen.storyboard */ = {
			isa = PBXVariantGroup;
			children = (
				B75AD254283C9914002F0608 /* Base */,
			);
			name = LaunchScreen.storyboard;
			sourceTree = "<group>";
		};
/* End PBXVariantGroup section */

/* Begin XCBuildConfiguration section */
		B75AD26D283C9914002F0608 /* Debug */ = {
			isa = XCBuildConfiguration;
			buildSettings = {
				ALWAYS_SEARCH_USER_PATHS = NO;
				CLANG_ANALYZER_NONNULL = YES;
				CLANG_ANALYZER_NUMBER_OBJECT_CONVERSION = YES_AGGRESSIVE;
				CLANG_CXX_LANGUAGE_STANDARD = "gnu++17";
				CLANG_CXX_LIBRARY = "libc++";
				CLANG_ENABLE_MODULES = YES;
				CLANG_ENABLE_OBJC_ARC = YES;
				CLANG_ENABLE_OBJC_WEAK = YES;
				CLANG_WARN_BLOCK_CAPTURE_AUTORELEASING = YES;
				CLANG_WARN_BOOL_CONVERSION = YES;
				CLANG_WARN_COMMA = YES;
				CLANG_WARN_CONSTANT_CONVERSION = YES;
				CLANG_WARN_DEPRECATED_OBJC_IMPLEMENTATIONS = YES;
				CLANG_WARN_DIRECT_OBJC_ISA_USAGE = YES_ERROR;
				CLANG_WARN_DOCUMENTATION_COMMENTS = YES;
				CLANG_WARN_EMPTY_BODY = YES;
				CLANG_WARN_ENUM_CONVERSION = YES;
				CLANG_WARN_INFINITE_RECURSION = YES;
				CLANG_WARN_INT_CONVERSION = YES;
				CLANG_WARN_NON_LITERAL_NULL_CONVERSION = YES;
				CLANG_WARN_OBJC_IMPLICIT_RETAIN_SELF = YES;
				CLANG_WARN_OBJC_LITERAL_CONVERSION = YES;
				CLANG_WARN_OBJC_ROOT_CLASS = YES_ERROR;
				CLANG_WARN_QUOTED_INCLUDE_IN_FRAMEWORK_HEADER = YES;
				CLANG_WARN_RANGE_LOOP_ANALYSIS = YES;
				CLANG_WARN_STRICT_PROTOTYPES = YES;
				CLANG_WARN_SUSPICIOUS_MOVE = YES;
				CLANG_WARN_UNGUARDED_AVAILABILITY = YES_AGGRESSIVE;
				CLANG_WARN_UNREACHABLE_CODE = YES;
				CLANG_WARN__DUPLICATE_METHOD_MATCH = YES;
				COPY_PHASE_STRIP = NO;
				DEBUG_INFORMATION_FORMAT = dwarf;
				ENABLE_STRICT_OBJC_MSGSEND = YES;
				ENABLE_TESTABILITY = YES;
				GCC_C_LANGUAGE_STANDARD = gnu11;
				GCC_DYNAMIC_NO_PIC = NO;
				GCC_NO_COMMON_BLOCKS = YES;
				GCC_OPTIMIZATION_LEVEL = 0;
				GCC_PREPROCESSOR_DEFINITIONS = (
					"DEBUG=1",
					"$(inherited)",
				);
				GCC_WARN_64_TO_32_BIT_CONVERSION = YES;
				GCC_WARN_ABOUT_RETURN_TYPE = YES_ERROR;
				GCC_WARN_UNDECLARED_SELECTOR = YES;
				GCC_WARN_UNINITIALIZED_AUTOS = YES_AGGRESSIVE;
				GCC_WARN_UNUSED_FUNCTION = YES;
				GCC_WARN_UNUSED_VARIABLE = YES;
				IPHONEOS_DEPLOYMENT_TARGET = 15.2;
				MTL_ENABLE_DEBUG_INFO = INCLUDE_SOURCE;
				MTL_FAST_MATH = YES;
				ONLY_ACTIVE_ARCH = YES;
				SDKROOT = iphoneos;
				SWIFT_ACTIVE_COMPILATION_CONDITIONS = DEBUG;
				SWIFT_OPTIMIZATION_LEVEL = "-Onone";
			};
			name = Debug;
		};
		B75AD26E283C9914002F0608 /* Release */ = {
			isa = XCBuildConfiguration;
			buildSettings = {
				ALWAYS_SEARCH_USER_PATHS = NO;
				CLANG_ANALYZER_NONNULL = YES;
				CLANG_ANALYZER_NUMBER_OBJECT_CONVERSION = YES_AGGRESSIVE;
				CLANG_CXX_LANGUAGE_STANDARD = "gnu++17";
				CLANG_CXX_LIBRARY = "libc++";
				CLANG_ENABLE_MODULES = YES;
				CLANG_ENABLE_OBJC_ARC = YES;
				CLANG_ENABLE_OBJC_WEAK = YES;
				CLANG_WARN_BLOCK_CAPTURE_AUTORELEASING = YES;
				CLANG_WARN_BOOL_CONVERSION = YES;
				CLANG_WARN_COMMA = YES;
				CLANG_WARN_CONSTANT_CONVERSION = YES;
				CLANG_WARN_DEPRECATED_OBJC_IMPLEMENTATIONS = YES;
				CLANG_WARN_DIRECT_OBJC_ISA_USAGE = YES_ERROR;
				CLANG_WARN_DOCUMENTATION_COMMENTS = YES;
				CLANG_WARN_EMPTY_BODY = YES;
				CLANG_WARN_ENUM_CONVERSION = YES;
				CLANG_WARN_INFINITE_RECURSION = YES;
				CLANG_WARN_INT_CONVERSION = YES;
				CLANG_WARN_NON_LITERAL_NULL_CONVERSION = YES;
				CLANG_WARN_OBJC_IMPLICIT_RETAIN_SELF = YES;
				CLANG_WARN_OBJC_LITERAL_CONVERSION = YES;
				CLANG_WARN_OBJC_ROOT_CLASS = YES_ERROR;
				CLANG_WARN_QUOTED_INCLUDE_IN_FRAMEWORK_HEADER = YES;
				CLANG_WARN_RANGE_LOOP_ANALYSIS = YES;
				CLANG_WARN_STRICT_PROTOTYPES = YES;
				CLANG_WARN_SUSPICIOUS_MOVE = YES;
				CLANG_WARN_UNGUARDED_AVAILABILITY = YES_AGGRESSIVE;
				CLANG_WARN_UNREACHABLE_CODE = YES;
				CLANG_WARN__DUPLICATE_METHOD_MATCH = YES;
				COPY_PHASE_STRIP = NO;
				DEBUG_INFORMATION_FORMAT = "dwarf-with-dsym";
				ENABLE_NS_ASSERTIONS = NO;
				ENABLE_STRICT_OBJC_MSGSEND = YES;
				GCC_C_LANGUAGE_STANDARD = gnu11;
				GCC_NO_COMMON_BLOCKS = YES;
				GCC_WARN_64_TO_32_BIT_CONVERSION = YES;
				GCC_WARN_ABOUT_RETURN_TYPE = YES_ERROR;
				GCC_WARN_UNDECLARED_SELECTOR = YES;
				GCC_WARN_UNINITIALIZED_AUTOS = YES_AGGRESSIVE;
				GCC_WARN_UNUSED_FUNCTION = YES;
				GCC_WARN_UNUSED_VARIABLE = YES;
				IPHONEOS_DEPLOYMENT_TARGET = 15.2;
				MTL_ENABLE_DEBUG_INFO = NO;
				MTL_FAST_MATH = YES;
				SDKROOT = iphoneos;
				SWIFT_COMPILATION_MODE = wholemodule;
				SWIFT_OPTIMIZATION_LEVEL = "-O";
				VALIDATE_PRODUCT = YES;
			};
			name = Release;
		};
		B75AD270283C9914002F0608 /* Debug */ = {
			isa = XCBuildConfiguration;
			buildSettings = {
				ASSETCATALOG_COMPILER_APPICON_NAME = AppIcon;
				ASSETCATALOG_COMPILER_GLOBAL_ACCENT_COLOR_NAME = AccentColor;
				CODE_SIGN_STYLE = Automatic;
				CURRENT_PROJECT_VERSION = 1;
				GENERATE_INFOPLIST_FILE = YES;
				INFOPLIST_FILE = NaverSeriesonMainClone/Info.plist;
				INFOPLIST_KEY_UIApplicationSupportsIndirectInputEvents = YES;
				INFOPLIST_KEY_UILaunchStoryboardName = LaunchScreen;
				INFOPLIST_KEY_UIMainStoryboardFile = Main;
				INFOPLIST_KEY_UISupportedInterfaceOrientations_iPad = "UIInterfaceOrientationPortrait UIInterfaceOrientationPortraitUpsideDown UIInterfaceOrientationLandscapeLeft UIInterfaceOrientationLandscapeRight";
				INFOPLIST_KEY_UISupportedInterfaceOrientations_iPhone = "UIInterfaceOrientationPortrait UIInterfaceOrientationLandscapeLeft UIInterfaceOrientationLandscapeRight";
				LD_RUNPATH_SEARCH_PATHS = (
					"$(inherited)",
					"@executable_path/Frameworks",
				);
				MARKETING_VERSION = 1.0;
				PRODUCT_BUNDLE_IDENTIFIER = com.phw.NaverSeriesonMainClone;
				PRODUCT_NAME = "$(TARGET_NAME)";
				SWIFT_EMIT_LOC_STRINGS = YES;
				SWIFT_VERSION = 5.0;
				TARGETED_DEVICE_FAMILY = "1,2";
			};
			name = Debug;
		};
		B75AD271283C9914002F0608 /* Release */ = {
			isa = XCBuildConfiguration;
			buildSettings = {
				ASSETCATALOG_COMPILER_APPICON_NAME = AppIcon;
				ASSETCATALOG_COMPILER_GLOBAL_ACCENT_COLOR_NAME = AccentColor;
				CODE_SIGN_STYLE = Automatic;
				CURRENT_PROJECT_VERSION = 1;
				GENERATE_INFOPLIST_FILE = YES;
				INFOPLIST_FILE = NaverSeriesonMainClone/Info.plist;
				INFOPLIST_KEY_UIApplicationSupportsIndirectInputEvents = YES;
				INFOPLIST_KEY_UILaunchStoryboardName = LaunchScreen;
				INFOPLIST_KEY_UIMainStoryboardFile = Main;
				INFOPLIST_KEY_UISupportedInterfaceOrientations_iPad = "UIInterfaceOrientationPortrait UIInterfaceOrientationPortraitUpsideDown UIInterfaceOrientationLandscapeLeft UIInterfaceOrientationLandscapeRight";
				INFOPLIST_KEY_UISupportedInterfaceOrientations_iPhone = "UIInterfaceOrientationPortrait UIInterfaceOrientationLandscapeLeft UIInterfaceOrientationLandscapeRight";
				LD_RUNPATH_SEARCH_PATHS = (
					"$(inherited)",
					"@executable_path/Frameworks",
				);
				MARKETING_VERSION = 1.0;
				PRODUCT_BUNDLE_IDENTIFIER = com.phw.NaverSeriesonMainClone;
				PRODUCT_NAME = "$(TARGET_NAME)";
				SWIFT_EMIT_LOC_STRINGS = YES;
				SWIFT_VERSION = 5.0;
				TARGETED_DEVICE_FAMILY = "1,2";
			};
			name = Release;
		};
		B75AD273283C9914002F0608 /* Debug */ = {
			isa = XCBuildConfiguration;
			buildSettings = {
				ALWAYS_EMBED_SWIFT_STANDARD_LIBRARIES = YES;
				BUNDLE_LOADER = "$(TEST_HOST)";
				CODE_SIGN_STYLE = Automatic;
				CURRENT_PROJECT_VERSION = 1;
				GENERATE_INFOPLIST_FILE = YES;
				IPHONEOS_DEPLOYMENT_TARGET = 15.2;
				MARKETING_VERSION = 1.0;
				PRODUCT_BUNDLE_IDENTIFIER = com.phw.NaverSeriesonMainCloneTests;
				PRODUCT_NAME = "$(TARGET_NAME)";
				SWIFT_EMIT_LOC_STRINGS = NO;
				SWIFT_VERSION = 5.0;
				TARGETED_DEVICE_FAMILY = "1,2";
				TEST_HOST = "$(BUILT_PRODUCTS_DIR)/NaverSeriesonMainClone.app/NaverSeriesonMainClone";
			};
			name = Debug;
		};
		B75AD274283C9914002F0608 /* Release */ = {
			isa = XCBuildConfiguration;
			buildSettings = {
				ALWAYS_EMBED_SWIFT_STANDARD_LIBRARIES = YES;
				BUNDLE_LOADER = "$(TEST_HOST)";
				CODE_SIGN_STYLE = Automatic;
				CURRENT_PROJECT_VERSION = 1;
				GENERATE_INFOPLIST_FILE = YES;
				IPHONEOS_DEPLOYMENT_TARGET = 15.2;
				MARKETING_VERSION = 1.0;
				PRODUCT_BUNDLE_IDENTIFIER = com.phw.NaverSeriesonMainCloneTests;
				PRODUCT_NAME = "$(TARGET_NAME)";
				SWIFT_EMIT_LOC_STRINGS = NO;
				SWIFT_VERSION = 5.0;
				TARGETED_DEVICE_FAMILY = "1,2";
				TEST_HOST = "$(BUILT_PRODUCTS_DIR)/NaverSeriesonMainClone.app/NaverSeriesonMainClone";
			};
			name = Release;
		};
		B75AD276283C9914002F0608 /* Debug */ = {
			isa = XCBuildConfiguration;
			buildSettings = {
				ALWAYS_EMBED_SWIFT_STANDARD_LIBRARIES = YES;
				CODE_SIGN_STYLE = Automatic;
				CURRENT_PROJECT_VERSION = 1;
				GENERATE_INFOPLIST_FILE = YES;
				MARKETING_VERSION = 1.0;
				PRODUCT_BUNDLE_IDENTIFIER = com.phw.NaverSeriesonMainCloneUITests;
				PRODUCT_NAME = "$(TARGET_NAME)";
				SWIFT_EMIT_LOC_STRINGS = NO;
				SWIFT_VERSION = 5.0;
				TARGETED_DEVICE_FAMILY = "1,2";
				TEST_TARGET_NAME = NaverSeriesonMainClone;
			};
			name = Debug;
		};
		B75AD277283C9914002F0608 /* Release */ = {
			isa = XCBuildConfiguration;
			buildSettings = {
				ALWAYS_EMBED_SWIFT_STANDARD_LIBRARIES = YES;
				CODE_SIGN_STYLE = Automatic;
				CURRENT_PROJECT_VERSION = 1;
				GENERATE_INFOPLIST_FILE = YES;
				MARKETING_VERSION = 1.0;
				PRODUCT_BUNDLE_IDENTIFIER = com.phw.NaverSeriesonMainCloneUITests;
				PRODUCT_NAME = "$(TARGET_NAME)";
				SWIFT_EMIT_LOC_STRINGS = NO;
				SWIFT_VERSION = 5.0;
				TARGETED_DEVICE_FAMILY = "1,2";
				TEST_TARGET_NAME = NaverSeriesonMainClone;
			};
			name = Release;
		};
/* End XCBuildConfiguration section */

/* Begin XCConfigurationList section */
		B75AD240283C9914002F0608 /* Build configuration list for PBXProject "NaverSeriesonMainClone" */ = {
			isa = XCConfigurationList;
			buildConfigurations = (
				B75AD26D283C9914002F0608 /* Debug */,
				B75AD26E283C9914002F0608 /* Release */,
			);
			defaultConfigurationIsVisible = 0;
			defaultConfigurationName = Release;
		};
		B75AD26F283C9914002F0608 /* Build configuration list for PBXNativeTarget "NaverSeriesonMainClone" */ = {
			isa = XCConfigurationList;
			buildConfigurations = (
				B75AD270283C9914002F0608 /* Debug */,
				B75AD271283C9914002F0608 /* Release */,
			);
			defaultConfigurationIsVisible = 0;
			defaultConfigurationName = Release;
		};
		B75AD272283C9914002F0608 /* Build configuration list for PBXNativeTarget "NaverSeriesonMainCloneTests" */ = {
			isa = XCConfigurationList;
			buildConfigurations = (
				B75AD273283C9914002F0608 /* Debug */,
				B75AD274283C9914002F0608 /* Release */,
			);
			defaultConfigurationIsVisible = 0;
			defaultConfigurationName = Release;
		};
		B75AD275283C9914002F0608 /* Build configuration list for PBXNativeTarget "NaverSeriesonMainCloneUITests" */ = {
			isa = XCConfigurationList;
			buildConfigurations = (
				B75AD276283C9914002F0608 /* Debug */,
				B75AD277283C9914002F0608 /* Release */,
			);
			defaultConfigurationIsVisible = 0;
			defaultConfigurationName = Release;
		};
/* End XCConfigurationList section */
	};
	rootObject = B75AD23D283C9914002F0608 /* Project object */;
}
